{
  "name": "message_board_reactjs",
  "version": "0.1.0",
  "lockfileVersion": 1,
  "requires": true,
  "dependencies": {
    "ansi-regex": {
      "version": "0.2.1",
      "resolved": "https://registry.npmjs.org/ansi-regex/-/ansi-regex-0.2.1.tgz",
      "integrity": "sha1-DY6UaWej2BQ/k+JOKYUl/BsiNfk="
    },
    "ansi-styles": {
      "version": "1.1.0",
      "resolved": "https://registry.npmjs.org/ansi-styles/-/ansi-styles-1.1.0.tgz",
      "integrity": "sha1-6uy/Zs1waIJ2Cy9GkVgrj1XXp94="
    },
    "bindings": {
      "version": "1.2.1",
      "resolved": "https://registry.npmjs.org/bindings/-/bindings-1.2.1.tgz",
      "integrity": "sha1-FK1hE4EtLTfXLme0ystLtyZQXxE="
    },
    "bl": {
      "version": "0.4.2",
      "resolved": "https://registry.npmjs.org/bl/-/bl-0.4.2.tgz",
      "integrity": "sha1-XbMdcvA4xU5orcOVeBJf47Ct3JY=",
      "requires": {
        "readable-stream": "1.0.34"
      }
    },
    "chalk": {
      "version": "0.5.1",
      "resolved": "https://registry.npmjs.org/chalk/-/chalk-0.5.1.tgz",
      "integrity": "sha1-Zjs6ZItotV0EaQ1JFnqoN4WPIXQ=",
      "requires": {
        "ansi-styles": "1.1.0",
        "escape-string-regexp": "1.0.5",
        "has-ansi": "0.1.0",
        "strip-ansi": "0.3.0",
        "supports-color": "0.2.0"
      }
    },
    "coffee-script": {
      "version": "1.12.7",
      "resolved": "https://registry.npmjs.org/coffee-script/-/coffee-script-1.12.7.tgz",
      "integrity": "sha512-fLeEhqwymYat/MpTPUjSKHVYYl0ec2mOyALEMLmzr5i1isuG+6jfI2j2d5oBO3VIzgUXgBVIcOT9uH1TFxBckw=="
    },
    "core-util-is": {
      "version": "1.0.2",
      "resolved": "https://registry.npmjs.org/core-util-is/-/core-util-is-1.0.2.tgz",
      "integrity": "sha1-tf1UIgqivFq1eqtxQMlAdUUDwac="
    },
    "deasync": {
      "version": "0.1.12",
      "resolved": "https://registry.npmjs.org/deasync/-/deasync-0.1.12.tgz",
      "integrity": "sha512-gpacYo8FBZh3INBp2KOtrQp9kCO5faHvOmEZx3/cZTr3Mm8/kAYs7/Ws3E3OAH0ApBNK6Y6N+7+Dka2Zn2Fldw==",
      "requires": {
        "bindings": "1.2.1",
        "nan": "2.10.0"
      }
    },
    "escape-string-regexp": {
      "version": "1.0.5",
      "resolved": "https://registry.npmjs.org/escape-string-regexp/-/escape-string-regexp-1.0.5.tgz",
      "integrity": "sha1-G2HAViGQqN/2rjuyzwIAyhMLhtQ="
    },
    "has-ansi": {
      "version": "0.1.0",
      "resolved": "https://registry.npmjs.org/has-ansi/-/has-ansi-0.1.0.tgz",
      "integrity": "sha1-hPJlqujA5qiKEtcCKJS3VoiUxi4=",
      "requires": {
        "ansi-regex": "0.2.1"
      }
    },
    "inherits": {
      "version": "2.0.3",
      "resolved": "https://registry.npmjs.org/inherits/-/inherits-2.0.3.tgz",
      "integrity": "sha1-Yzwsg+PaQqUC9SRmAiSA9CCCYd4="
    },
    "isarray": {
      "version": "0.0.1",
      "resolved": "https://registry.npmjs.org/isarray/-/isarray-0.0.1.tgz",
      "integrity": "sha1-ihis/Kmo9Bd+Cav8YDiTmwXR7t8="
    },
    "nan": {
      "version": "2.10.0",
      "resolved": "https://registry.npmjs.org/nan/-/nan-2.10.0.tgz",
      "integrity": "sha512-bAdJv7fBLhWC+/Bls0Oza+mvTaNQtP+1RyhhhvD95pgUJz6XM5IzgmxOkItJ9tkoCiplvAnXI1tNmmUD/eScyA=="
    },
    "object-keys": {
      "version": "0.4.0",
      "resolved": "https://registry.npmjs.org/object-keys/-/object-keys-0.4.0.tgz",
      "integrity": "sha1-KKaq50KN0sOpLz2V8hM13SBOAzY="
    },
    "pryjs": {
      "version": "1.0.3",
      "resolved": "https://registry.npmjs.org/pryjs/-/pryjs-1.0.3.tgz",
      "integrity": "sha1-msqACY7l3edrenu2047CrHIJR80=",
      "requires": {
        "chalk": "0.5.1",
        "coffee-script": "1.12.7",
        "deasync": "0.1.12",
        "pygmentize-bundled": "2.3.0",
        "underscore": "1.8.3"
      }
    },
    "pygmentize-bundled": {
      "version": "2.3.0",
      "resolved": "https://registry.npmjs.org/pygmentize-bundled/-/pygmentize-bundled-2.3.0.tgz",
      "integrity": "sha1-1CXe2o0TaXW5M+3jYxNfYjNQgUo=",
      "requires": {
        "bl": "0.4.2",
        "through2": "0.2.3"
      }
    },
    "readable-stream": {
      "version": "1.0.34",
      "resolved": "https://registry.npmjs.org/readable-stream/-/readable-stream-1.0.34.tgz",
      "integrity": "sha1-Elgg40vIQtLyqq+v5MKRbuMsFXw=",
      "requires": {
        "core-util-is": "1.0.2",
        "inherits": "2.0.3",
        "isarray": "0.0.1",
        "string_decoder": "0.10.31"
      }
    },
    "string_decoder": {
      "version": "0.10.31",
      "resolved": "https://registry.npmjs.org/string_decoder/-/string_decoder-0.10.31.tgz",
      "integrity": "sha1-YuIDvEF2bGwoyfyEMB2rHFMQ+pQ="
    },
    "strip-ansi": {
      "version": "0.3.0",
      "resolved": "https://registry.npmjs.org/strip-ansi/-/strip-ansi-0.3.0.tgz",
      "integrity": "sha1-JfSOoiynkYfzF0pNuHWTR7sSYiA=",
      "requires": {
        "ansi-regex": "0.2.1"
      }
    },
    "supports-color": {
      "version": "0.2.0",
      "resolved": "https://registry.npmjs.org/supports-color/-/supports-color-0.2.0.tgz",
      "integrity": "sha1-2S3iaU6z9nMjlz1649i1W0wiGQo="
    },
    "through2": {
      "version": "0.2.3",
      "resolved": "https://registry.npmjs.org/through2/-/through2-0.2.3.tgz",
      "integrity": "sha1-6zKE2k6jEbbMis42U3SKUqvyWj8=",
      "requires": {
        "readable-stream": "1.1.14",
        "xtend": "2.1.2"
      },
      "dependencies": {
        "readable-stream": {
          "version": "1.1.14",
          "resolved": "https://registry.npmjs.org/readable-stream/-/readable-stream-1.1.14.tgz",
          "integrity": "sha1-fPTFTvZI44EwhMY23SB54WbAgdk=",
          "requires": {
            "core-util-is": "1.0.2",
            "inherits": "2.0.3",
            "isarray": "0.0.1",
            "string_decoder": "0.10.31"
          }
        }
      }
    },
    "underscore": {
      "version": "1.8.3",
      "resolved": "https://registry.npmjs.org/underscore/-/underscore-1.8.3.tgz",
      "integrity": "sha1-Tz+1OxBuYJf8+ctBCfKl6b36UCI="
    },
    "xtend": {
      "version": "2.1.2",
      "resolved": "https://registry.npmjs.org/xtend/-/xtend-2.1.2.tgz",
      "integrity": "sha1-bv7MKk2tjmlixJAbM3znuoe10os=",
      "requires": {
        "object-keys": "0.4.0"
      }
    }
  }
}
